PODS:
  - AFNetworking (2.5.3):
    - AFNetworking/NSURLConnection (= 2.5.3)
    - AFNetworking/NSURLSession (= 2.5.3)
    - AFNetworking/Reachability (= 2.5.3)
    - AFNetworking/Security (= 2.5.3)
    - AFNetworking/Serialization (= 2.5.3)
    - AFNetworking/UIKit (= 2.5.3)
  - AFNetworking/NSURLConnection (2.5.3):
    - AFNetworking/Reachability
    - AFNetworking/Security
    - AFNetworking/Serialization
  - AFNetworking/NSURLSession (2.5.3):
    - AFNetworking/Reachability
    - AFNetworking/Security
    - AFNetworking/Serialization
  - AFNetworking/Reachability (2.5.3)
  - AFNetworking/Security (2.5.3)
  - AFNetworking/Serialization (2.5.3)
  - AFNetworking/UIKit (2.5.3):
    - AFNetworking/NSURLConnection
    - AFNetworking/NSURLSession
  - JXHTTP (1.0.7)
  - Spectacles (1.0.1)
  - TMTumblrSDK (2.1.1):
    - TMTumblrSDK/Activity (= 2.1.1)
    - TMTumblrSDK/APIClient (= 2.1.1)
    - TMTumblrSDK/AppClient (= 2.1.1)
    - TMTumblrSDK/Core (= 2.1.1)
  - TMTumblrSDK/Activity (2.1.1)
  - TMTumblrSDK/APIClient (2.1.1):
    - JXHTTP (~> 1.0)
    - TMTumblrSDK/APIClient/Authentication (= 2.1.1)
  - TMTumblrSDK/APIClient/Authentication (2.1.1):
    - JXHTTP (~> 1.0)
    - TMTumblrSDK/Core
  - TMTumblrSDK/AppClient (2.1.1):
    - TMTumblrSDK/Core
  - TMTumblrSDK/Core (2.1.1):
    - Spectacles (~> 1.0)

DEPENDENCIES:
  - AFNetworking (~> 2.0)
  - TMTumblrSDK (from `https://github.com/rofreg/TMTumblrSDK.git`)

EXTERNAL SOURCES:
  TMTumblrSDK:
    :git: https://github.com/rofreg/TMTumblrSDK.git

CHECKOUT OPTIONS:
  TMTumblrSDK:
    :commit: da9494401768aefdaa139293d7324d0fdc787795
    :git: https://github.com/rofreg/TMTumblrSDK.git

SPEC CHECKSUMS:
  AFNetworking: e1d86c2a96bb5d2e7408da36149806706ee122fe
  JXHTTP: 47197d4e807c6c4666a30441065f09f475f24adb
  Spectacles: 8dc60711140320653724560e2d6bbb8a8f0940e4
  TMTumblrSDK: 761d55de5f0c1802a7beaa860d19876f088bfdd3

COCOAPODS: 0.36.0.rc.1
