// !$*UTF8*$!
{
	archiveVersion = 1;
	classes = {
	};
	objectVersion = 46;
	objects = {

/* Begin PBXBuildFile section */
		00062D761A854A9F008CD159 /* PPCanvas.swift in Sources */ = {isa = PBXBuildFile; fileRef = 00062D751A854A9F008CD159 /* PPCanvas.swift */; };
		000B17BF1B10FC0200D46571 /* TwitterCore.framework in Frameworks */ = {isa = PBXBuildFile; fileRef = 000B17BC1B10FC0200D46571 /* TwitterCore.framework */; };
		002FF2EA1AEADBC60070BAA0 /* Sketch.swift in Sources */ = {isa = PBXBuildFile; fileRef = 002FF2E91AEADBC60070BAA0 /* Sketch.swift */; };
		003ABDF21A84653200F51534 /* PPInfiniteScrollView.swift in Sources */ = {isa = PBXBuildFile; fileRef = 003ABDF11A84653200F51534 /* PPInfiniteScrollView.swift */; };
		005DCA861A805A3900E55C0D /* AppDelegate.swift in Sources */ = {isa = PBXBuildFile; fileRef = 005DCA851A805A3900E55C0D /* AppDelegate.swift */; };
		005DCA891A805A3900E55C0D /* PinchPad.xcdatamodeld in Sources */ = {isa = PBXBuildFile; fileRef = 005DCA871A805A3900E55C0D /* PinchPad.xcdatamodeld */; };
		005DCA8B1A805A3900E55C0D /* ViewController.swift in Sources */ = {isa = PBXBuildFile; fileRef = 005DCA8A1A805A3900E55C0D /* ViewController.swift */; };
		005DCA8E1A805A3900E55C0D /* Main.storyboard in Resources */ = {isa = PBXBuildFile; fileRef = 005DCA8C1A805A3900E55C0D /* Main.storyboard */; };
		005DCA901A805A3900E55C0D /* Images.xcassets in Resources */ = {isa = PBXBuildFile; fileRef = 005DCA8F1A805A3900E55C0D /* Images.xcassets */; };
		005DCA931A805A3900E55C0D /* LaunchScreen.xib in Resources */ = {isa = PBXBuildFile; fileRef = 005DCA911A805A3900E55C0D /* LaunchScreen.xib */; };
		005DCAAC1A805A9D00E55C0D /* TwitterKit.framework in Frameworks */ = {isa = PBXBuildFile; fileRef = 005DCAA91A805A9D00E55C0D /* TwitterKit.framework */; };
		005DCAAD1A805A9D00E55C0D /* TwitterKitResources.bundle in Resources */ = {isa = PBXBuildFile; fileRef = 005DCAAA1A805A9D00E55C0D /* TwitterKitResources.bundle */; };
		005DCAAE1A805A9D00E55C0D /* Fabric.framework in Frameworks */ = {isa = PBXBuildFile; fileRef = 005DCAAB1A805A9D00E55C0D /* Fabric.framework */; };
		005DCAB11A805B5800E55C0D /* Crashlytics.framework in Frameworks */ = {isa = PBXBuildFile; fileRef = 005DCAB01A805B5800E55C0D /* Crashlytics.framework */; };
		005DCAB41A805C8F00E55C0D /* Configuration.plist in Resources */ = {isa = PBXBuildFile; fileRef = 005DCAB31A805C8F00E55C0D /* Configuration.plist */; };
		006BC1551A8839FD003AA87D /* PPStroke.swift in Sources */ = {isa = PBXBuildFile; fileRef = 006BC1541A8839FD003AA87D /* PPStroke.swift */; };
		006BC1571A884177003AA87D /* PPToolConfigurationViewController.swift in Sources */ = {isa = PBXBuildFile; fileRef = 006BC1561A884177003AA87D /* PPToolConfigurationViewController.swift */; };
		00A3AB971AA93E98004CEA19 /* PPToolConfiguration.swift in Sources */ = {isa = PBXBuildFile; fileRef = 00A3AB961AA93E98004CEA19 /* PPToolConfiguration.swift */; };
		00C3E37D1AE9B4CB005D8375 /* AuthManager.swift in Sources */ = {isa = PBXBuildFile; fileRef = 00C3E37C1AE9B4CB005D8375 /* AuthManager.swift */; };
		00E53C781AA3DC4F008E441E /* TWTRComposer+ProgrammaticPost.swift in Sources */ = {isa = PBXBuildFile; fileRef = 00E53C771AA3DC4F008E441E /* TWTRComposer+ProgrammaticPost.swift */; };
		00E978C51B13835D004EB3F4 /* PPMenuViewController.swift in Sources */ = {isa = PBXBuildFile; fileRef = 00E978C41B13835D004EB3F4 /* PPMenuViewController.swift */; };
		00E978C71B13CB00004EB3F4 /* PPAppConfiguration.swift in Sources */ = {isa = PBXBuildFile; fileRef = 00E978C61B13CB00004EB3F4 /* PPAppConfiguration.swift */; };
		00F171D31B1A22B7008BE560 /* libFlurry_6.5.0.a in Frameworks */ = {isa = PBXBuildFile; fileRef = 00F171D21B1A22B7008BE560 /* libFlurry_6.5.0.a */; };
		00F171D51B1A22D5008BE560 /* Security.framework in Frameworks */ = {isa = PBXBuildFile; fileRef = 00F171D41B1A22D5008BE560 /* Security.framework */; };
		00F171D71B1A22DA008BE560 /* SystemConfiguration.framework in Frameworks */ = {isa = PBXBuildFile; fileRef = 00F171D61B1A22DA008BE560 /* SystemConfiguration.framework */; };
		00F75E131B16948E006279B0 /* ImagePreviewViewController.swift in Sources */ = {isa = PBXBuildFile; fileRef = 00F75E121B16948E006279B0 /* ImagePreviewViewController.swift */; };
		18240D6542BDDEAA38E1C3AD /* Pods.framework in Frameworks */ = {isa = PBXBuildFile; fileRef = DCB8F4C387E296D6F76285AC /* Pods.framework */; settings = {ATTRIBUTES = (Weak, ); }; };
/* End PBXBuildFile section */

/* Begin PBXFileReference section */
		00062D751A854A9F008CD159 /* PPCanvas.swift */ = {isa = PBXFileReference; fileEncoding = 4; lastKnownFileType = sourcecode.swift; path = PPCanvas.swift; sourceTree = "<group>"; };
		000B17BC1B10FC0200D46571 /* TwitterCore.framework */ = {isa = PBXFileReference; lastKnownFileType = wrapper.framework; path = TwitterCore.framework; sourceTree = "<group>"; };
		002FF2E91AEADBC60070BAA0 /* Sketch.swift */ = {isa = PBXFileReference; fileEncoding = 4; lastKnownFileType = sourcecode.swift; path = Sketch.swift; sourceTree = "<group>"; };
		003ABDF11A84653200F51534 /* PPInfiniteScrollView.swift */ = {isa = PBXFileReference; fileEncoding = 4; lastKnownFileType = sourcecode.swift; path = PPInfiniteScrollView.swift; sourceTree = "<group>"; };
		005DCA801A805A3900E55C0D /* PinchPad.app */ = {isa = PBXFileReference; explicitFileType = wrapper.application; includeInIndex = 0; path = PinchPad.app; sourceTree = BUILT_PRODUCTS_DIR; };
		005DCA841A805A3900E55C0D /* Info.plist */ = {isa = PBXFileReference; lastKnownFileType = text.plist.xml; path = Info.plist; sourceTree = "<group>"; };
		005DCA851A805A3900E55C0D /* AppDelegate.swift */ = {isa = PBXFileReference; lastKnownFileType = sourcecode.swift; path = AppDelegate.swift; sourceTree = "<group>"; };
		005DCA881A805A3900E55C0D /* PinchPad.xcdatamodel */ = {isa = PBXFileReference; lastKnownFileType = wrapper.xcdatamodel; path = PinchPad.xcdatamodel; sourceTree = "<group>"; };
		005DCA8A1A805A3900E55C0D /* ViewController.swift */ = {isa = PBXFileReference; lastKnownFileType = sourcecode.swift; path = ViewController.swift; sourceTree = "<group>"; };
		005DCA8D1A805A3900E55C0D /* Base */ = {isa = PBXFileReference; lastKnownFileType = file.storyboard; name = Base; path = Base.lproj/Main.storyboard; sourceTree = "<group>"; };
		005DCA8F1A805A3900E55C0D /* Images.xcassets */ = {isa = PBXFileReference; lastKnownFileType = folder.assetcatalog; path = Images.xcassets; sourceTree = "<group>"; };
		005DCA921A805A3900E55C0D /* Base */ = {isa = PBXFileReference; lastKnownFileType = file.xib; name = Base; path = Base.lproj/LaunchScreen.xib; sourceTree = "<group>"; };
		005DCAA91A805A9D00E55C0D /* TwitterKit.framework */ = {isa = PBXFileReference; lastKnownFileType = wrapper.framework; path = TwitterKit.framework; sourceTree = SOURCE_ROOT; };
		005DCAAA1A805A9D00E55C0D /* TwitterKitResources.bundle */ = {isa = PBXFileReference; lastKnownFileType = "wrapper.plug-in"; name = TwitterKitResources.bundle; path = TwitterKit.framework/Versions/A/Resources/TwitterKitResources.bundle; sourceTree = SOURCE_ROOT; };
		005DCAAB1A805A9D00E55C0D /* Fabric.framework */ = {isa = PBXFileReference; lastKnownFileType = wrapper.framework; path = Fabric.framework; sourceTree = SOURCE_ROOT; };
		005DCAB01A805B5800E55C0D /* Crashlytics.framework */ = {isa = PBXFileReference; lastKnownFileType = wrapper.framework; path = Crashlytics.framework; sourceTree = SOURCE_ROOT; };
		005DCAB31A805C8F00E55C0D /* Configuration.plist */ = {isa = PBXFileReference; fileEncoding = 4; lastKnownFileType = text.plist.xml; path = Configuration.plist; sourceTree = "<group>"; };
		006BC1541A8839FD003AA87D /* PPStroke.swift */ = {isa = PBXFileReference; fileEncoding = 4; lastKnownFileType = sourcecode.swift; path = PPStroke.swift; sourceTree = "<group>"; };
		006BC1561A884177003AA87D /* PPToolConfigurationViewController.swift */ = {isa = PBXFileReference; fileEncoding = 4; lastKnownFileType = sourcecode.swift; path = PPToolConfigurationViewController.swift; sourceTree = "<group>"; };
		00A3AB961AA93E98004CEA19 /* PPToolConfiguration.swift */ = {isa = PBXFileReference; fileEncoding = 4; lastKnownFileType = sourcecode.swift; path = PPToolConfiguration.swift; sourceTree = "<group>"; };
		00AE91181A84506C00EAA84F /* PinchPad-Bridging-Header.h */ = {isa = PBXFileReference; lastKnownFileType = sourcecode.c.h; path = "PinchPad-Bridging-Header.h"; sourceTree = "<group>"; };
		00C3E37C1AE9B4CB005D8375 /* AuthManager.swift */ = {isa = PBXFileReference; fileEncoding = 4; lastKnownFileType = sourcecode.swift; path = AuthManager.swift; sourceTree = "<group>"; };
		00E53C771AA3DC4F008E441E /* TWTRComposer+ProgrammaticPost.swift */ = {isa = PBXFileReference; fileEncoding = 4; lastKnownFileType = sourcecode.swift; path = "TWTRComposer+ProgrammaticPost.swift"; sourceTree = "<group>"; };
		00E978C41B13835D004EB3F4 /* PPMenuViewController.swift */ = {isa = PBXFileReference; fileEncoding = 4; lastKnownFileType = sourcecode.swift; path = PPMenuViewController.swift; sourceTree = "<group>"; };
		00E978C61B13CB00004EB3F4 /* PPAppConfiguration.swift */ = {isa = PBXFileReference; fileEncoding = 4; lastKnownFileType = sourcecode.swift; path = PPAppConfiguration.swift; sourceTree = "<group>"; };
		00F171D01B1A22B7008BE560 /* Flurry.h */ = {isa = PBXFileReference; fileEncoding = 4; lastKnownFileType = sourcecode.c.h; path = Flurry.h; sourceTree = "<group>"; };
		00F171D21B1A22B7008BE560 /* libFlurry_6.5.0.a */ = {isa = PBXFileReference; lastKnownFileType = archive.ar; path = libFlurry_6.5.0.a; sourceTree = "<group>"; };
		00F171D41B1A22D5008BE560 /* Security.framework */ = {isa = PBXFileReference; lastKnownFileType = wrapper.framework; name = Security.framework; path = System/Library/Frameworks/Security.framework; sourceTree = SDKROOT; };
		00F171D61B1A22DA008BE560 /* SystemConfiguration.framework */ = {isa = PBXFileReference; lastKnownFileType = wrapper.framework; name = SystemConfiguration.framework; path = System/Library/Frameworks/SystemConfiguration.framework; sourceTree = SDKROOT; };
		00F75E121B16948E006279B0 /* ImagePreviewViewController.swift */ = {isa = PBXFileReference; fileEncoding = 4; lastKnownFileType = sourcecode.swift; path = ImagePreviewViewController.swift; sourceTree = "<group>"; };
		073EBFF2AEE1F8B7C4577933 /* Pods.debug.xcconfig */ = {isa = PBXFileReference; includeInIndex = 1; lastKnownFileType = text.xcconfig; name = Pods.debug.xcconfig; path = "Pods/Target Support Files/Pods/Pods.debug.xcconfig"; sourceTree = "<group>"; };
		DCB8F4C387E296D6F76285AC /* Pods.framework */ = {isa = PBXFileReference; explicitFileType = wrapper.framework; includeInIndex = 0; path = Pods.framework; sourceTree = BUILT_PRODUCTS_DIR; };
		DE6E373A2F0576890450A69C /* Pods.release.xcconfig */ = {isa = PBXFileReference; includeInIndex = 1; lastKnownFileType = text.xcconfig; name = Pods.release.xcconfig; path = "Pods/Target Support Files/Pods/Pods.release.xcconfig"; sourceTree = "<group>"; };
/* End PBXFileReference section */

/* Begin PBXFrameworksBuildPhase section */
		005DCA7D1A805A3900E55C0D /* Frameworks */ = {
			isa = PBXFrameworksBuildPhase;
			buildActionMask = 2147483647;
			files = (
				00F171D71B1A22DA008BE560 /* SystemConfiguration.framework in Frameworks */,
				00F171D51B1A22D5008BE560 /* Security.framework in Frameworks */,
				000B17BF1B10FC0200D46571 /* TwitterCore.framework in Frameworks */,
				00F171D31B1A22B7008BE560 /* libFlurry_6.5.0.a in Frameworks */,
				005DCAAC1A805A9D00E55C0D /* TwitterKit.framework in Frameworks */,
				005DCAB11A805B5800E55C0D /* Crashlytics.framework in Frameworks */,
				005DCAAE1A805A9D00E55C0D /* Fabric.framework in Frameworks */,
				18240D6542BDDEAA38E1C3AD /* Pods.framework in Frameworks */,
			);
			runOnlyForDeploymentPostprocessing = 0;
		};
/* End PBXFrameworksBuildPhase section */

/* Begin PBXGroup section */
		005DCA771A805A3900E55C0D = {
			isa = PBXGroup;
			children = (
				005DCA821A805A3900E55C0D /* PinchPad */,
				005DCA811A805A3900E55C0D /* Products */,
				7751E7D957A3925FFFC1A65C /* Pods */,
				3BE3E580DFEC8E60254E97A7 /* Frameworks */,
			);
			sourceTree = "<group>";
		};
		005DCA811A805A3900E55C0D /* Products */ = {
			isa = PBXGroup;
			children = (
				005DCA801A805A3900E55C0D /* PinchPad.app */,
			);
			name = Products;
			sourceTree = "<group>";
		};
		005DCA821A805A3900E55C0D /* PinchPad */ = {
			isa = PBXGroup;
			children = (
				00F171CF1B1A22B7008BE560 /* Flurry */,
				005DCA851A805A3900E55C0D /* AppDelegate.swift */,
				005DCA8A1A805A3900E55C0D /* ViewController.swift */,
				00C3E37C1AE9B4CB005D8375 /* AuthManager.swift */,
				00E978C61B13CB00004EB3F4 /* PPAppConfiguration.swift */,
				00E978C41B13835D004EB3F4 /* PPMenuViewController.swift */,
				00F75E121B16948E006279B0 /* ImagePreviewViewController.swift */,
				00A3AB961AA93E98004CEA19 /* PPToolConfiguration.swift */,
				006BC1561A884177003AA87D /* PPToolConfigurationViewController.swift */,
				003ABDF11A84653200F51534 /* PPInfiniteScrollView.swift */,
				00062D751A854A9F008CD159 /* PPCanvas.swift */,
				006BC1541A8839FD003AA87D /* PPStroke.swift */,
				002FF2E91AEADBC60070BAA0 /* Sketch.swift */,
				00E53C771AA3DC4F008E441E /* TWTRComposer+ProgrammaticPost.swift */,
				005DCA911A805A3900E55C0D /* LaunchScreen.xib */,
				005DCA8C1A805A3900E55C0D /* Main.storyboard */,
				005DCA8F1A805A3900E55C0D /* Images.xcassets */,
				005DCA871A805A3900E55C0D /* PinchPad.xcdatamodeld */,
				005DCA831A805A3900E55C0D /* Supporting Files */,
				00AE91181A84506C00EAA84F /* PinchPad-Bridging-Header.h */,
			);
			path = PinchPad;
			sourceTree = "<group>";
		};
		005DCA831A805A3900E55C0D /* Supporting Files */ = {
			isa = PBXGroup;
			children = (
				005DCA841A805A3900E55C0D /* Info.plist */,
				005DCAB31A805C8F00E55C0D /* Configuration.plist */,
			);
			name = "Supporting Files";
			sourceTree = "<group>";
		};
		00F171CF1B1A22B7008BE560 /* Flurry */ = {
			isa = PBXGroup;
			children = (
				00F171D01B1A22B7008BE560 /* Flurry.h */,
				00F171D21B1A22B7008BE560 /* libFlurry_6.5.0.a */,
			);
			path = Flurry;
			sourceTree = "<group>";
		};
		3BE3E580DFEC8E60254E97A7 /* Frameworks */ = {
			isa = PBXGroup;
			children = (
				00F171D61B1A22DA008BE560 /* SystemConfiguration.framework */,
				00F171D41B1A22D5008BE560 /* Security.framework */,
				005DCAB01A805B5800E55C0D /* Crashlytics.framework */,
				005DCAAB1A805A9D00E55C0D /* Fabric.framework */,
				DCB8F4C387E296D6F76285AC /* Pods.framework */,
				000B17BC1B10FC0200D46571 /* TwitterCore.framework */,
				005DCAA91A805A9D00E55C0D /* TwitterKit.framework */,
				005DCAAA1A805A9D00E55C0D /* TwitterKitResources.bundle */,
			);
			name = Frameworks;
			sourceTree = "<group>";
		};
		7751E7D957A3925FFFC1A65C /* Pods */ = {
			isa = PBXGroup;
			children = (
				073EBFF2AEE1F8B7C4577933 /* Pods.debug.xcconfig */,
				DE6E373A2F0576890450A69C /* Pods.release.xcconfig */,
			);
			name = Pods;
			sourceTree = "<group>";
		};
/* End PBXGroup section */

/* Begin PBXNativeTarget section */
		005DCA7F1A805A3900E55C0D /* PinchPad */ = {
			isa = PBXNativeTarget;
			buildConfigurationList = 005DCAA21A805A3A00E55C0D /* Build configuration list for PBXNativeTarget "PinchPad" */;
			buildPhases = (
				EC0652EB5C98DD373B654D6E /* Check Pods Manifest.lock */,
				005DCA7C1A805A3900E55C0D /* Sources */,
				005DCA7D1A805A3900E55C0D /* Frameworks */,
				005DCA7E1A805A3900E55C0D /* Resources */,
				005DCAA81A805A8E00E55C0D /* ShellScript */,
				4E344F8F7998CFE2BF6F4C14 /* Copy Pods Resources */,
				1D148290B2B58DD1B0CE33F0 /* Embed Pods Frameworks */,
			);
			buildRules = (
			);
			dependencies = (
			);
			name = PinchPad;
			productName = PinchPad;
			productReference = 005DCA801A805A3900E55C0D /* PinchPad.app */;
			productType = "com.apple.product-type.application";
		};
/* End PBXNativeTarget section */

/* Begin PBXProject section */
		005DCA781A805A3900E55C0D /* Project object */ = {
			isa = PBXProject;
			attributes = {
				LastUpgradeCheck = 0610;
				TargetAttributes = {
					005DCA7F1A805A3900E55C0D = {
						CreatedOnToolsVersion = 6.1.1;
						DevelopmentTeam = 76Z7TDNBZJ;
					};
				};
			};
			buildConfigurationList = 005DCA7B1A805A3900E55C0D /* Build configuration list for PBXProject "PinchPad" */;
			compatibilityVersion = "Xcode 3.2";
			developmentRegion = English;
			hasScannedForEncodings = 0;
			knownRegions = (
				en,
				Base,
			);
			mainGroup = 005DCA771A805A3900E55C0D;
			productRefGroup = 005DCA811A805A3900E55C0D /* Products */;
			projectDirPath = "";
			projectRoot = "";
			targets = (
				005DCA7F1A805A3900E55C0D /* PinchPad */,
			);
		};
/* End PBXProject section */

/* Begin PBXResourcesBuildPhase section */
		005DCA7E1A805A3900E55C0D /* Resources */ = {
			isa = PBXResourcesBuildPhase;
			buildActionMask = 2147483647;
			files = (
				005DCAAD1A805A9D00E55C0D /* TwitterKitResources.bundle in Resources */,
				005DCAB41A805C8F00E55C0D /* Configuration.plist in Resources */,
				005DCA8E1A805A3900E55C0D /* Main.storyboard in Resources */,
				005DCA931A805A3900E55C0D /* LaunchScreen.xib in Resources */,
				005DCA901A805A3900E55C0D /* Images.xcassets in Resources */,
			);
			runOnlyForDeploymentPostprocessing = 0;
		};
/* End PBXResourcesBuildPhase section */

/* Begin PBXShellScriptBuildPhase section */
		005DCAA81A805A8E00E55C0D /* ShellScript */ = {
			isa = PBXShellScriptBuildPhase;
			buildActionMask = 2147483647;
			files = (
			);
			inputPaths = (
			);
			outputPaths = (
			);
			runOnlyForDeploymentPostprocessing = 0;
			shellPath = /bin/sh;
			shellScript = "./Fabric.framework/run 5471874bd816bcc9bb379c6869cfcf9ebf36b54b f073d4b928a743d390fcb5bf5972f113c4fd47fd343eeda567936ecf56bebeda";
		};
		1D148290B2B58DD1B0CE33F0 /* Embed Pods Frameworks */ = {
			isa = PBXShellScriptBuildPhase;
			buildActionMask = 2147483647;
			files = (
			);
			inputPaths = (
			);
			name = "Embed Pods Frameworks";
			outputPaths = (
			);
			runOnlyForDeploymentPostprocessing = 0;
			shellPath = /bin/sh;
			shellScript = "\"${SRCROOT}/Pods/Target Support Files/Pods/Pods-frameworks.sh\"\n";
			showEnvVarsInLog = 0;
		};
		4E344F8F7998CFE2BF6F4C14 /* Copy Pods Resources */ = {
			isa = PBXShellScriptBuildPhase;
			buildActionMask = 2147483647;
			files = (
			);
			inputPaths = (
			);
			name = "Copy Pods Resources";
			outputPaths = (
			);
			runOnlyForDeploymentPostprocessing = 0;
			shellPath = /bin/sh;
			shellScript = "\"${SRCROOT}/Pods/Target Support Files/Pods/Pods-resources.sh\"\n";
			showEnvVarsInLog = 0;
		};
		EC0652EB5C98DD373B654D6E /* Check Pods Manifest.lock */ = {
			isa = PBXShellScriptBuildPhase;
			buildActionMask = 2147483647;
			files = (
			);
			inputPaths = (
			);
			name = "Check Pods Manifest.lock";
			outputPaths = (
			);
			runOnlyForDeploymentPostprocessing = 0;
			shellPath = /bin/sh;
			shellScript = "diff \"${PODS_ROOT}/../Podfile.lock\" \"${PODS_ROOT}/Manifest.lock\" > /dev/null\nif [[ $? != 0 ]] ; then\n    cat << EOM\nerror: The sandbox is not in sync with the Podfile.lock. Run 'pod install' or update your CocoaPods installation.\nEOM\n    exit 1\nfi\n";
			showEnvVarsInLog = 0;
		};
/* End PBXShellScriptBuildPhase section */

/* Begin PBXSourcesBuildPhase section */
		005DCA7C1A805A3900E55C0D /* Sources */ = {
			isa = PBXSourcesBuildPhase;
			buildActionMask = 2147483647;
			files = (
				005DCA8B1A805A3900E55C0D /* ViewController.swift in Sources */,
				00062D761A854A9F008CD159 /* PPCanvas.swift in Sources */,
				00F75E131B16948E006279B0 /* ImagePreviewViewController.swift in Sources */,
				006BC1571A884177003AA87D /* PPToolConfigurationViewController.swift in Sources */,
				003ABDF21A84653200F51534 /* PPInfiniteScrollView.swift in Sources */,
				005DCA891A805A3900E55C0D /* PinchPad.xcdatamodeld in Sources */,
				005DCA861A805A3900E55C0D /* AppDelegate.swift in Sources */,
				00E53C781AA3DC4F008E441E /* TWTRComposer+ProgrammaticPost.swift in Sources */,
				006BC1551A8839FD003AA87D /* PPStroke.swift in Sources */,
				00A3AB971AA93E98004CEA19 /* PPToolConfiguration.swift in Sources */,
				00E978C51B13835D004EB3F4 /* PPMenuViewController.swift in Sources */,
				00E978C71B13CB00004EB3F4 /* PPAppConfiguration.swift in Sources */,
				002FF2EA1AEADBC60070BAA0 /* Sketch.swift in Sources */,
				00C3E37D1AE9B4CB005D8375 /* AuthManager.swift in Sources */,
			);
			runOnlyForDeploymentPostprocessing = 0;
		};
/* End PBXSourcesBuildPhase section */

/* Begin PBXVariantGroup section */
		005DCA8C1A805A3900E55C0D /* Main.storyboard */ = {
			isa = PBXVariantGroup;
			children = (
				005DCA8D1A805A3900E55C0D /* Base */,
			);
			name = Main.storyboard;
			sourceTree = "<group>";
		};
		005DCA911A805A3900E55C0D /* LaunchScreen.xib */ = {
			isa = PBXVariantGroup;
			children = (
				005DCA921A805A3900E55C0D /* Base */,
			);
			name = LaunchScreen.xib;
			sourceTree = "<group>";
		};
/* End PBXVariantGroup section */

/* Begin XCBuildConfiguration section */
		005DCAA01A805A3A00E55C0D /* Debug */ = {
			isa = XCBuildConfiguration;
			buildSettings = {
				ALWAYS_SEARCH_USER_PATHS = NO;
				CLANG_CXX_LANGUAGE_STANDARD = "gnu++0x";
				CLANG_CXX_LIBRARY = "libc++";
				CLANG_ENABLE_MODULES = YES;
				CLANG_ENABLE_OBJC_ARC = YES;
				CLANG_WARN_BOOL_CONVERSION = YES;
				CLANG_WARN_CONSTANT_CONVERSION = YES;
				CLANG_WARN_DIRECT_OBJC_ISA_USAGE = YES_ERROR;
				CLANG_WARN_EMPTY_BODY = YES;
				CLANG_WARN_ENUM_CONVERSION = YES;
				CLANG_WARN_INT_CONVERSION = YES;
				CLANG_WARN_OBJC_ROOT_CLASS = YES_ERROR;
				CLANG_WARN_UNREACHABLE_CODE = YES;
				CLANG_WARN__DUPLICATE_METHOD_MATCH = YES;
				"CODE_SIGN_IDENTITY[sdk=iphoneos*]" = "iPhone Developer";
				COPY_PHASE_STRIP = NO;
				ENABLE_STRICT_OBJC_MSGSEND = YES;
				GCC_C_LANGUAGE_STANDARD = gnu99;
				GCC_DYNAMIC_NO_PIC = NO;
				GCC_OPTIMIZATION_LEVEL = 0;
				GCC_PREPROCESSOR_DEFINITIONS = (
					"DEBUG=1",
					"$(inherited)",
				);
				GCC_SYMBOLS_PRIVATE_EXTERN = NO;
				GCC_WARN_64_TO_32_BIT_CONVERSION = YES;
				GCC_WARN_ABOUT_RETURN_TYPE = YES_ERROR;
				GCC_WARN_UNDECLARED_SELECTOR = YES;
				GCC_WARN_UNINITIALIZED_AUTOS = YES_AGGRESSIVE;
				GCC_WARN_UNUSED_FUNCTION = YES;
				GCC_WARN_UNUSED_VARIABLE = YES;
				IPHONEOS_DEPLOYMENT_TARGET = 8.0;
				MTL_ENABLE_DEBUG_INFO = YES;
				ONLY_ACTIVE_ARCH = YES;
				SDKROOT = iphoneos;
				SWIFT_OPTIMIZATION_LEVEL = "-Onone";
				TARGETED_DEVICE_FAMILY = "1,2";
			};
			name = Debug;
		};
		005DCAA11A805A3A00E55C0D /* Release */ = {
			isa = XCBuildConfiguration;
			buildSettings = {
				ALWAYS_SEARCH_USER_PATHS = NO;
				CLANG_CXX_LANGUAGE_STANDARD = "gnu++0x";
				CLANG_CXX_LIBRARY = "libc++";
				CLANG_ENABLE_MODULES = YES;
				CLANG_ENABLE_OBJC_ARC = YES;
				CLANG_WARN_BOOL_CONVERSION = YES;
				CLANG_WARN_CONSTANT_CONVERSION = YES;
				CLANG_WARN_DIRECT_OBJC_ISA_USAGE = YES_ERROR;
				CLANG_WARN_EMPTY_BODY = YES;
				CLANG_WARN_ENUM_CONVERSION = YES;
				CLANG_WARN_INT_CONVERSION = YES;
				CLANG_WARN_OBJC_ROOT_CLASS = YES_ERROR;
				CLANG_WARN_UNREACHABLE_CODE = YES;
				CLANG_WARN__DUPLICATE_METHOD_MATCH = YES;
				"CODE_SIGN_IDENTITY[sdk=iphoneos*]" = "iPhone Developer";
				COPY_PHASE_STRIP = YES;
				ENABLE_NS_ASSERTIONS = NO;
				ENABLE_STRICT_OBJC_MSGSEND = YES;
				GCC_C_LANGUAGE_STANDARD = gnu99;
				GCC_WARN_64_TO_32_BIT_CONVERSION = YES;
				GCC_WARN_ABOUT_RETURN_TYPE = YES_ERROR;
				GCC_WARN_UNDECLARED_SELECTOR = YES;
				GCC_WARN_UNINITIALIZED_AUTOS = YES_AGGRESSIVE;
				GCC_WARN_UNUSED_FUNCTION = YES;
				GCC_WARN_UNUSED_VARIABLE = YES;
				IPHONEOS_DEPLOYMENT_TARGET = 8.0;
				MTL_ENABLE_DEBUG_INFO = NO;
				SDKROOT = iphoneos;
				TARGETED_DEVICE_FAMILY = "1,2";
				VALIDATE_PRODUCT = YES;
			};
			name = Release;
		};
		005DCAA31A805A3A00E55C0D /* Debug */ = {
			isa = XCBuildConfiguration;
			baseConfigurationReference = 073EBFF2AEE1F8B7C4577933 /* Pods.debug.xcconfig */;
			buildSettings = {
				ASSETCATALOG_COMPILER_APPICON_NAME = AppIcon;
				CLANG_ENABLE_MODULES = YES;
				CODE_SIGN_IDENTITY = "iPhone Developer";
				"CODE_SIGN_IDENTITY[sdk=iphoneos*]" = "iPhone Developer";
				FRAMEWORK_SEARCH_PATHS = (
					"$(inherited)",
					"$(PROJECT_DIR)",
				);
				INFOPLIST_FILE = PinchPad/Info.plist;
				IPHONEOS_DEPLOYMENT_TARGET = 8.0;
				LD_RUNPATH_SEARCH_PATHS = "$(inherited) @executable_path/Frameworks";
				LIBRARY_SEARCH_PATHS = (
					"$(inherited)",
					"$(PROJECT_DIR)/PinchPad/Flurry",
				);
				PRODUCT_NAME = "$(TARGET_NAME)";
				PROVISIONING_PROFILE = "";
				SWIFT_OBJC_BRIDGING_HEADER = "PinchPad/PinchPad-Bridging-Header.h";
				SWIFT_OPTIMIZATION_LEVEL = "-Onone";
			};
			name = Debug;
		};
		005DCAA41A805A3A00E55C0D /* Release */ = {
			isa = XCBuildConfiguration;
			baseConfigurationReference = DE6E373A2F0576890450A69C /* Pods.release.xcconfig */;
			buildSettings = {
				ASSETCATALOG_COMPILER_APPICON_NAME = AppIcon;
				CLANG_ENABLE_MODULES = YES;
				CODE_SIGN_IDENTITY = "iPhone Developer";
				"CODE_SIGN_IDENTITY[sdk=iphoneos*]" = "iPhone Distribution";
				FRAMEWORK_SEARCH_PATHS = (
					"$(inherited)",
					"$(PROJECT_DIR)",
				);
				INFOPLIST_FILE = PinchPad/Info.plist;
				IPHONEOS_DEPLOYMENT_TARGET = 8.0;
				LD_RUNPATH_SEARCH_PATHS = "$(inherited) @executable_path/Frameworks";
				LIBRARY_SEARCH_PATHS = (
					"$(inherited)",
					"$(PROJECT_DIR)/PinchPad/Flurry",
				);
				PRODUCT_NAME = "$(TARGET_NAME)";
				PROVISIONING_PROFILE = "";
				SWIFT_OBJC_BRIDGING_HEADER = "PinchPad/PinchPad-Bridging-Header.h";
			};
			name = Release;
		};
/* End XCBuildConfiguration section */

/* Begin XCConfigurationList section */
		005DCA7B1A805A3900E55C0D /* Build configuration list for PBXProject "PinchPad" */ = {
			isa = XCConfigurationList;
			buildConfigurations = (
				005DCAA01A805A3A00E55C0D /* Debug */,
				005DCAA11A805A3A00E55C0D /* Release */,
			);
			defaultConfigurationIsVisible = 0;
			defaultConfigurationName = Release;
		};
		005DCAA21A805A3A00E55C0D /* Build configuration list for PBXNativeTarget "PinchPad" */ = {
			isa = XCConfigurationList;
			buildConfigurations = (
				005DCAA31A805A3A00E55C0D /* Debug */,
				005DCAA41A805A3A00E55C0D /* Release */,
			);
			defaultConfigurationIsVisible = 0;
			defaultConfigurationName = Release;
		};
/* End XCConfigurationList section */

/* Begin XCVersionGroup section */
		005DCA871A805A3900E55C0D /* PinchPad.xcdatamodeld */ = {
			isa = XCVersionGroup;
			children = (
				005DCA881A805A3900E55C0D /* PinchPad.xcdatamodel */,
			);
			currentVersion = 005DCA881A805A3900E55C0D /* PinchPad.xcdatamodel */;
			path = PinchPad.xcdatamodeld;
			sourceTree = "<group>";
			versionGroupType = wrapper.xcdatamodel;
		};
/* End XCVersionGroup section */
	};
	rootObject = 005DCA781A805A3900E55C0D /* Project object */;
}
